
Microsoft Visual Studio Solution File, Format Version 12.00
# Visual Studio Version 17
VisualStudioVersion = 17.3.32929.385
MinimumVisualStudioVersion = 10.0.40219.1
Project("{9A19103F-16F7-4668-BE54-9A1E7A4F7556}") = "Lab3", "Lab3.csproj", "{D72A2450-2C49-46FB-8246-71EEDD52E0B0}"
EndProject
Project("{FAE04EC0-301F-11D3-BF4B-00C04F79EFBC}") = "Benchmark", "..\Benchmark\Benchmark.csproj", "{C9863F41-0C49-485A-92F4-709C64052446}"
EndProject
Global
	GlobalSection(SolutionConfigurationPlatforms) = preSolution
		Debug|Any CPU = Debug|Any CPU
		Release|Any CPU = Release|Any CPU
	EndGlobalSection
	GlobalSection(ProjectConfigurationPlatforms) = postSolution
		{D72A2450-2C49-46FB-8246-71EEDD52E0B0}.Debug|Any CPU.ActiveCfg = Debug|Any CPU
		{D72A2450-2C49-46FB-8246-71EEDD52E0B0}.Debug|Any CPU.Build.0 = Debug|Any CPU
		{D72A2450-2C49-46FB-8246-71EEDD52E0B0}.Release|Any CPU.ActiveCfg = Release|Any CPU
		{D72A2450-2C49-46FB-8246-71EEDD52E0B0}.Release|Any CPU.Build.0 = Release|Any CPU
		{C9863F41-0C49-485A-92F4-709C64052446}.Debug|Any CPU.ActiveCfg = Debug|Any CPU
		{C9863F41-0C49-485A-92F4-709C64052446}.Debug|Any CPU.Build.0 = Debug|Any CPU
		{C9863F41-0C49-485A-92F4-709C64052446}.Release|Any CPU.ActiveCfg = Release|Any CPU
		{C9863F41-0C49-485A-92F4-709C64052446}.Release|Any CPU.Build.0 = Release|Any CPU
	EndGlobalSection
	GlobalSection(SolutionProperties) = preSolution
		HideSolutionNode = FALSE
	EndGlobalSection
	GlobalSection(ExtensibilityGlobals) = postSolution
		SolutionGuid = {5DE0B15A-74CD-42C8-84C2-F89026077B5B}
	EndGlobalSection
EndGlobal
